// !$*UTF8*$!
{
	archiveVersion = 1;
	classes = {
	};
	objectVersion = 77;
	objects = {

/* Begin PBXBuildFile section */
		092303A4F81C9DA1E2AD1378 /* NotchWindowController.swift in Sources */ = {isa = PBXBuildFile; fileRef = 9A5B91F79BB04F88856D2D4D /* NotchWindowController.swift */; };
		138DB806F04BD8DB6337D47A /* CoveApp.swift in Sources */ = {isa = PBXBuildFile; fileRef = 4BBBFA2178F6FDB897BA8F0E /* CoveApp.swift */; };
		13E0CE34CD0528A391B22416 /* NotesView.swift in Sources */ = {isa = PBXBuildFile; fileRef = 5EE870C9D7A44AE77503783F /* NotesView.swift */; };
		2059A75CC6999A5A07186E63 /* WindowSnapper.swift in Sources */ = {isa = PBXBuildFile; fileRef = 17854318817CA498558B3FFA /* WindowSnapper.swift */; };
		2265A254E6B7FCE0EB261DB1 /* NotesStore.swift in Sources */ = {isa = PBXBuildFile; fileRef = C18EA60203181D4F3F8F73A1 /* NotesStore.swift */; };
		255DEAD3B25189946465451D /* SessionStrip.swift in Sources */ = {isa = PBXBuildFile; fileRef = EA72A262F593748C72EAAB9A /* SessionStrip.swift */; };
		29EC55591E9E6ECB354D5980 /* VoiceController.swift in Sources */ = {isa = PBXBuildFile; fileRef = 0EF9AFC1E81BAD6EC3B28679 /* VoiceController.swift */; };
		2BE24531B971EA15ED13C906 /* PermissionPrimer.swift in Sources */ = {isa = PBXBuildFile; fileRef = 09EB14C01C10CE7F1DCC00F2 /* PermissionPrimer.swift */; };
		2D9B4E99DF4B3258EBCDDA52 /* SystemVolume.swift in Sources */ = {isa = PBXBuildFile; fileRef = B2571E4AD1C7A5A260865EF9 /* SystemVolume.swift */; };
		3025CA8783178D79156DE3DF /* AIService.swift in Sources */ = {isa = PBXBuildFile; fileRef = E9E8B0E601233E7264D4549C /* AIService.swift */; };
		3213CEB6FD817B6938E176C9 /* MediaRemoteBridge.swift in Sources */ = {isa = PBXBuildFile; fileRef = 9D1548DECA7BD9AF001867E5 /* MediaRemoteBridge.swift */; };
		3C3F99C391097EEF1AED0B30 /* AmbienceController.swift in Sources */ = {isa = PBXBuildFile; fileRef = 6EEF4252AD5FABC703F60C5A /* AmbienceController.swift */; };
		42F941C59832FA0372420F49 /* ShelfStore.swift in Sources */ = {isa = PBXBuildFile; fileRef = 0C6AD62D25E6655002E622C9 /* ShelfStore.swift */; };
		4B83A185F202C545EBDC24CF /* AppIndex.swift in Sources */ = {isa = PBXBuildFile; fileRef = 0D9DBE8B002D2AF0E56A24FB /* AppIndex.swift */; };
		5846CD07C01C7C4B1CD98870 /* ClipboardStore.swift in Sources */ = {isa = PBXBuildFile; fileRef = 87D43D00A905E4C75B0F246A /* ClipboardStore.swift */; };
		5992FD5F27A8E9A21F3E3A4C /* rain.m4a in Resources */ = {isa = PBXBuildFile; fileRef = 4E50BC6D4ECDC2F6299350D4 /* rain.m4a */; };
		5BE63FFEA5F1757ED826A4E2 /* EventKitService.swift in Sources */ = {isa = PBXBuildFile; fileRef = 9BB2B0C70919FE2D664E729B /* EventKitService.swift */; };
		6476D9AECEDD85EC72E66109 /* Components.swift in Sources */ = {isa = PBXBuildFile; fileRef = 26FE983B0F111483921E991B /* Components.swift */; };
		649E0B7F6CCA1AE4A7EBDA48 /* SettingsPane.swift in Sources */ = {isa = PBXBuildFile; fileRef = 9CE3D785E6F1D3BE0CFE0B6F /* SettingsPane.swift */; };
		659244BC32DC961C4E64B758 /* MediaRemoteAdapterTestClient in Resources */ = {isa = PBXBuildFile; fileRef = 5312B5DDFB85B9CD73A02522 /* MediaRemoteAdapterTestClient */; };
		6854CEFA7A88D3DE861E3F75 /* AppIcon.icns in Resources */ = {isa = PBXBuildFile; fileRef = B4B24E04F9E0367656A5874A /* AppIcon.icns */; };
		6D2DC84077F0410DB52B46A3 /* ShortcutsView.swift in Sources */ = {isa = PBXBuildFile; fileRef = 7DDB55839CDD05F1B00B120E /* ShortcutsView.swift */; };
		74046251B7FD15A0BDD16C41 /* MusicController.swift in Sources */ = {isa = PBXBuildFile; fileRef = A7B17D48834D811468F1B987 /* MusicController.swift */; };
		77C4BE8072DBCF1424C2D727 /* cafe.m4a in Resources */ = {isa = PBXBuildFile; fileRef = 387FC91C15C51A12FF218F3C /* cafe.m4a */; };
		783E1CC28B568DCA851ED62A /* MediaRemoteAdapter.framework in Embed Frameworks */ = {isa = PBXBuildFile; fileRef = C637FA553864170B4F439FE4 /* MediaRemoteAdapter.framework */; settings = {ATTRIBUTES = (CodeSignOnCopy, RemoveHeadersOnCopy, ); }; };
		86EAC27149773DB39FF1F678 /* fire.m4a in Resources */ = {isa = PBXBuildFile; fileRef = 3955826F7D2B0B1ECC4C28BB /* fire.m4a */; };
		879982113884C6EF9970ACE9 /* SystemStatsController.swift in Sources */ = {isa = PBXBuildFile; fileRef = 8132324C2FD7233C9599F665 /* SystemStatsController.swift */; };
		8E3AC94E3BCCE599E0DBCD19 /* ExpandedView.swift in Sources */ = {isa = PBXBuildFile; fileRef = 756CEBFCE4962FA4695539EF /* ExpandedView.swift */; };
		8F5B97DFF67E827869BAD5E3 /* UpdateChecker.swift in Sources */ = {isa = PBXBuildFile; fileRef = ABBFE8A10EF2A59E506F3D28 /* UpdateChecker.swift */; };
		901431AFF81428EA65E1065E /* ClipboardView.swift in Sources */ = {isa = PBXBuildFile; fileRef = CB4CB5EA34E735FE2CED1365 /* ClipboardView.swift */; };
		9044FA29F9A6F9A1F6CE6D65 /* Sparkle in Frameworks */ = {isa = PBXBuildFile; productRef = 9B26BB0C0B6522D494745151 /* Sparkle */; };
		92D6024101B3A34E58FB56FC /* FocusController.swift in Sources */ = {isa = PBXBuildFile; fileRef = 8C4B24C9EA5787BCA9873494 /* FocusController.swift */; };
		94C77CA7344BC8B2672D6424 /* ShortcutStore.swift in Sources */ = {isa = PBXBuildFile; fileRef = C6CFE49627DAD1A3D400BA5E /* ShortcutStore.swift */; };
		9A955B17023BF01F5B324485 /* ActivityServer.swift in Sources */ = {isa = PBXBuildFile; fileRef = 9B768010B76C7071463416F2 /* ActivityServer.swift */; };
		A3F796EA0F99B67483EB8881 /* MessageCourier.swift in Sources */ = {isa = PBXBuildFile; fileRef = AE697696DC0C90DFB31793EC /* MessageCourier.swift */; };
		AE3028FBCCB4DD860B803964 /* ScreenReader.swift in Sources */ = {isa = PBXBuildFile; fileRef = B12682EF68C76321264C0A90 /* ScreenReader.swift */; };
		B383C25A4203BA8F5B979BBF /* WelcomeView.swift in Sources */ = {isa = PBXBuildFile; fileRef = 507E1D3771D9302D60B3583A /* WelcomeView.swift */; };
		B6114D39ED302F5E2FA087B4 /* ShelfView.swift in Sources */ = {isa = PBXBuildFile; fileRef = FE9A1972742D451D396E0313 /* ShelfView.swift */; };
		BA729E57A50B9AF1D872616A /* IslandRows.swift in Sources */ = {isa = PBXBuildFile; fileRef = 81702F712380F1622124AB03 /* IslandRows.swift */; };
		BD35B8908A8A443FF5BBE96D /* NoiseEngine.swift in Sources */ = {isa = PBXBuildFile; fileRef = 8E705E020080998DA040F654 /* NoiseEngine.swift */; };
		C1FB30F66000741E7F3ED14B /* Theme.swift in Sources */ = {isa = PBXBuildFile; fileRef = 76B2187046783B4FD927B9C4 /* Theme.swift */; };
		C858261145AB7A1183AC7B77 /* FocusPanel.swift in Sources */ = {isa = PBXBuildFile; fileRef = 184591E9CD79CA693A477C8C /* FocusPanel.swift */; };
		D0F0FA9E63EA2089669BCDE7 /* mediaremote-adapter.pl in Resources */ = {isa = PBXBuildFile; fileRef = 69E23D9FEE83312A895BFBE1 /* mediaremote-adapter.pl */; };
		D6EB3A42847535D35BC39CD9 /* CoveTests.swift in Sources */ = {isa = PBXBuildFile; fileRef = F88B2FDDBDCA7BD44B45D31B /* CoveTests.swift */; };
		D71E3DC7361E080DDD610E47 /* AccentExtractor.swift in Sources */ = {isa = PBXBuildFile; fileRef = 7EB62D748B353A0B7C8B8012 /* AccentExtractor.swift */; };
		E35F2EAA617E9AEC048E2A9A /* IslandShape.swift in Sources */ = {isa = PBXBuildFile; fileRef = 55D5378F59D4891B297C114E /* IslandShape.swift */; };
		E97E7C213319AE7B1AF66D2E /* TabRow.swift in Sources */ = {isa = PBXBuildFile; fileRef = D274B5CC4C286EC5E1375C77 /* TabRow.swift */; };
		F31E8C82B02DB21D146E2D81 /* FocusStatsStore.swift in Sources */ = {isa = PBXBuildFile; fileRef = 5100BCEE7E8DF77C155E8AFE /* FocusStatsStore.swift */; };
		F3AC107124FF632DE3660600 /* NotchRootView.swift in Sources */ = {isa = PBXBuildFile; fileRef = 015770F3122D8DA7ED605561 /* NotchRootView.swift */; };
		F5A6D52BB5722CF0D1ED9B1D /* NotchViewModel.swift in Sources */ = {isa = PBXBuildFile; fileRef = EBB14A0DBB00CBF18E311BF0 /* NotchViewModel.swift */; };
		FB4399DFD30EDF4F71A8268D /* ActionEngine.swift in Sources */ = {isa = PBXBuildFile; fileRef = 705EAD2DCEFD9B92BFD03AF1 /* ActionEngine.swift */; };
		FCF1F4A22965A366FDC6699E /* ChatController.swift in Sources */ = {isa = PBXBuildFile; fileRef = A8B859EE385B9B6013AB11E8 /* ChatController.swift */; };
		FF9A9688D0E6CF37A4607E35 /* ActivityStore.swift in Sources */ = {isa = PBXBuildFile; fileRef = 28FE9F8923F765D2B4DCC960 /* ActivityStore.swift */; };
/* End PBXBuildFile section */

/* Begin PBXContainerItemProxy section */
		7CE2E9836FD239A22A76FB9E /* PBXContainerItemProxy */ = {
			isa = PBXContainerItemProxy;
			containerPortal = 374220EC1ED0A1AF9A44F953 /* Project object */;
			proxyType = 1;
			remoteGlobalIDString = 9B7EC35195B56723DAC648C4;
			remoteInfo = Cove;
		};
/* End PBXContainerItemProxy section */

/* Begin PBXCopyFilesBuildPhase section */
		916CB5AE128FDED659327E40 /* Embed Frameworks */ = {
			isa = PBXCopyFilesBuildPhase;
			buildActionMask = 2147483647;
			dstPath = "";
			dstSubfolderSpec = 10;
			files = (
				783E1CC28B568DCA851ED62A /* MediaRemoteAdapter.framework in Embed Frameworks */,
			);
			name = "Embed Frameworks";
			runOnlyForDeploymentPostprocessing = 0;
		};
/* End PBXCopyFilesBuildPhase section */

/* Begin PBXFileReference section */
		015770F3122D8DA7ED605561 /* NotchRootView.swift */ = {isa = PBXFileReference; lastKnownFileType = sourcecode.swift; path = NotchRootView.swift; sourceTree = "<group>"; };
		09EB14C01C10CE7F1DCC00F2 /* PermissionPrimer.swift */ = {isa = PBXFileReference; lastKnownFileType = sourcecode.swift; path = PermissionPrimer.swift; sourceTree = "<group>"; };
		0C6AD62D25E6655002E622C9 /* ShelfStore.swift */ = {isa = PBXFileReference; lastKnownFileType = sourcecode.swift; path = ShelfStore.swift; sourceTree = "<group>"; };
		0D9DBE8B002D2AF0E56A24FB /* AppIndex.swift */ = {isa = PBXFileReference; lastKnownFileType = sourcecode.swift; path = AppIndex.swift; sourceTree = "<group>"; };
		0EF9AFC1E81BAD6EC3B28679 /* VoiceController.swift */ = {isa = PBXFileReference; lastKnownFileType = sourcecode.swift; path = VoiceController.swift; sourceTree = "<group>"; };
		17854318817CA498558B3FFA /* WindowSnapper.swift */ = {isa = PBXFileReference; lastKnownFileType = sourcecode.swift; path = WindowSnapper.swift; sourceTree = "<group>"; };
		184591E9CD79CA693A477C8C /* FocusPanel.swift */ = {isa = PBXFileReference; lastKnownFileType = sourcecode.swift; path = FocusPanel.swift; sourceTree = "<group>"; };
		26FE983B0F111483921E991B /* Components.swift */ = {isa = PBXFileReference; lastKnownFileType = sourcecode.swift; path = Components.swift; sourceTree = "<group>"; };
		28FE9F8923F765D2B4DCC960 /* ActivityStore.swift */ = {isa = PBXFileReference; lastKnownFileType = sourcecode.swift; path = ActivityStore.swift; sourceTree = "<group>"; };
		387FC91C15C51A12FF218F3C /* cafe.m4a */ = {isa = PBXFileReference; path = cafe.m4a; sourceTree = "<group>"; };
		3955826F7D2B0B1ECC4C28BB /* fire.m4a */ = {isa = PBXFileReference; path = fire.m4a; sourceTree = "<group>"; };
		4BBBFA2178F6FDB897BA8F0E /* CoveApp.swift */ = {isa = PBXFileReference; lastKnownFileType = sourcecode.swift; path = CoveApp.swift; sourceTree = "<group>"; };
		4E50BC6D4ECDC2F6299350D4 /* rain.m4a */ = {isa = PBXFileReference; path = rain.m4a; sourceTree = "<group>"; };
		507E1D3771D9302D60B3583A /* WelcomeView.swift */ = {isa = PBXFileReference; lastKnownFileType = sourcecode.swift; path = WelcomeView.swift; sourceTree = "<group>"; };
		5100BCEE7E8DF77C155E8AFE /* FocusStatsStore.swift */ = {isa = PBXFileReference; lastKnownFileType = sourcecode.swift; path = FocusStatsStore.swift; sourceTree = "<group>"; };
		5312B5DDFB85B9CD73A02522 /* MediaRemoteAdapterTestClient */ = {isa = PBXFileReference; path = MediaRemoteAdapterTestClient; sourceTree = "<group>"; };
		55D5378F59D4891B297C114E /* IslandShape.swift */ = {isa = PBXFileReference; lastKnownFileType = sourcecode.swift; path = IslandShape.swift; sourceTree = "<group>"; };
		5EE870C9D7A44AE77503783F /* NotesView.swift */ = {isa = PBXFileReference; lastKnownFileType = sourcecode.swift; path = NotesView.swift; sourceTree = "<group>"; };
		69E23D9FEE83312A895BFBE1 /* mediaremote-adapter.pl */ = {isa = PBXFileReference; lastKnownFileType = text.script.perl; path = "mediaremote-adapter.pl"; sourceTree = "<group>"; };
		6EEF4252AD5FABC703F60C5A /* AmbienceController.swift */ = {isa = PBXFileReference; lastKnownFileType = sourcecode.swift; path = AmbienceController.swift; sourceTree = "<group>"; };
		705EAD2DCEFD9B92BFD03AF1 /* ActionEngine.swift */ = {isa = PBXFileReference; lastKnownFileType = sourcecode.swift; path = ActionEngine.swift; sourceTree = "<group>"; };
		756CEBFCE4962FA4695539EF /* ExpandedView.swift */ = {isa = PBXFileReference; lastKnownFileType = sourcecode.swift; path = ExpandedView.swift; sourceTree = "<group>"; };
		76B2187046783B4FD927B9C4 /* Theme.swift */ = {isa = PBXFileReference; lastKnownFileType = sourcecode.swift; path = Theme.swift; sourceTree = "<group>"; };
		7DDB55839CDD05F1B00B120E /* ShortcutsView.swift */ = {isa = PBXFileReference; lastKnownFileType = sourcecode.swift; path = ShortcutsView.swift; sourceTree = "<group>"; };
		7EB62D748B353A0B7C8B8012 /* AccentExtractor.swift */ = {isa = PBXFileReference; lastKnownFileType = sourcecode.swift; path = AccentExtractor.swift; sourceTree = "<group>"; };
		8132324C2FD7233C9599F665 /* SystemStatsController.swift */ = {isa = PBXFileReference; lastKnownFileType = sourcecode.swift; path = SystemStatsController.swift; sourceTree = "<group>"; };
		81702F712380F1622124AB03 /* IslandRows.swift */ = {isa = PBXFileReference; lastKnownFileType = sourcecode.swift; path = IslandRows.swift; sourceTree = "<group>"; };
		87D43D00A905E4C75B0F246A /* ClipboardStore.swift */ = {isa = PBXFileReference; lastKnownFileType = sourcecode.swift; path = ClipboardStore.swift; sourceTree = "<group>"; };
		8C4B24C9EA5787BCA9873494 /* FocusController.swift */ = {isa = PBXFileReference; lastKnownFileType = sourcecode.swift; path = FocusController.swift; sourceTree = "<group>"; };
		8E705E020080998DA040F654 /* NoiseEngine.swift */ = {isa = PBXFileReference; lastKnownFileType = sourcecode.swift; path = NoiseEngine.swift; sourceTree = "<group>"; };
		9A5B91F79BB04F88856D2D4D /* NotchWindowController.swift */ = {isa = PBXFileReference; lastKnownFileType = sourcecode.swift; path = NotchWindowController.swift; sourceTree = "<group>"; };
		9B768010B76C7071463416F2 /* ActivityServer.swift */ = {isa = PBXFileReference; lastKnownFileType = sourcecode.swift; path = ActivityServer.swift; sourceTree = "<group>"; };
		9BB2B0C70919FE2D664E729B /* EventKitService.swift */ = {isa = PBXFileReference; lastKnownFileType = sourcecode.swift; path = EventKitService.swift; sourceTree = "<group>"; };
		9CE3D785E6F1D3BE0CFE0B6F /* SettingsPane.swift */ = {isa = PBXFileReference; lastKnownFileType = sourcecode.swift; path = SettingsPane.swift; sourceTree = "<group>"; };
		9D1548DECA7BD9AF001867E5 /* MediaRemoteBridge.swift */ = {isa = PBXFileReference; lastKnownFileType = sourcecode.swift; path = MediaRemoteBridge.swift; sourceTree = "<group>"; };
		A7B17D48834D811468F1B987 /* MusicController.swift */ = {isa = PBXFileReference; lastKnownFileType = sourcecode.swift; path = MusicController.swift; sourceTree = "<group>"; };
		A8027850263DDDBF05074C48 /* Info.plist */ = {isa = PBXFileReference; lastKnownFileType = text.plist; path = Info.plist; sourceTree = "<group>"; };
		A8B859EE385B9B6013AB11E8 /* ChatController.swift */ = {isa = PBXFileReference; lastKnownFileType = sourcecode.swift; path = ChatController.swift; sourceTree = "<group>"; };
		ABBFE8A10EF2A59E506F3D28 /* UpdateChecker.swift */ = {isa = PBXFileReference; lastKnownFileType = sourcecode.swift; path = UpdateChecker.swift; sourceTree = "<group>"; };
		AE697696DC0C90DFB31793EC /* MessageCourier.swift */ = {isa = PBXFileReference; lastKnownFileType = sourcecode.swift; path = MessageCourier.swift; sourceTree = "<group>"; };
		B12682EF68C76321264C0A90 /* ScreenReader.swift */ = {isa = PBXFileReference; lastKnownFileType = sourcecode.swift; path = ScreenReader.swift; sourceTree = "<group>"; };
		B2571E4AD1C7A5A260865EF9 /* SystemVolume.swift */ = {isa = PBXFileReference; lastKnownFileType = sourcecode.swift; path = SystemVolume.swift; sourceTree = "<group>"; };
		B4B24E04F9E0367656A5874A /* AppIcon.icns */ = {isa = PBXFileReference; lastKnownFileType = image.icns; path = AppIcon.icns; sourceTree = "<group>"; };
		C18EA60203181D4F3F8F73A1 /* NotesStore.swift */ = {isa = PBXFileReference; lastKnownFileType = sourcecode.swift; path = NotesStore.swift; sourceTree = "<group>"; };
		C637FA553864170B4F439FE4 /* MediaRemoteAdapter.framework */ = {isa = PBXFileReference; lastKnownFileType = wrapper.framework; name = MediaRemoteAdapter.framework; path = Vendor/MediaRemoteAdapter/MediaRemoteAdapter.framework; sourceTree = "<group>"; };
		C6CFE49627DAD1A3D400BA5E /* ShortcutStore.swift */ = {isa = PBXFileReference; lastKnownFileType = sourcecode.swift; path = ShortcutStore.swift; sourceTree = "<group>"; };
		CB4CB5EA34E735FE2CED1365 /* ClipboardView.swift */ = {isa = PBXFileReference; lastKnownFileType = sourcecode.swift; path = ClipboardView.swift; sourceTree = "<group>"; };
		D274B5CC4C286EC5E1375C77 /* TabRow.swift */ = {isa = PBXFileReference; lastKnownFileType = sourcecode.swift; path = TabRow.swift; sourceTree = "<group>"; };
		E23D679B28152A16C36E1ECC /* CoveTests.xctest */ = {isa = PBXFileReference; explicitFileType = wrapper.cfbundle; includeInIndex = 0; path = CoveTests.xctest; sourceTree = BUILT_PRODUCTS_DIR; };
		E97C600BF67A95C4A3686BC7 /* Cove.app */ = {isa = PBXFileReference; explicitFileType = wrapper.application; includeInIndex = 0; path = Cove.app; sourceTree = BUILT_PRODUCTS_DIR; };
		E9E8B0E601233E7264D4549C /* AIService.swift */ = {isa = PBXFileReference; lastKnownFileType = sourcecode.swift; path = AIService.swift; sourceTree = "<group>"; };
		EA72A262F593748C72EAAB9A /* SessionStrip.swift */ = {isa = PBXFileReference; lastKnownFileType = sourcecode.swift; path = SessionStrip.swift; sourceTree = "<group>"; };
		EBB14A0DBB00CBF18E311BF0 /* NotchViewModel.swift */ = {isa = PBXFileReference; lastKnownFileType = sourcecode.swift; path = NotchViewModel.swift; sourceTree = "<group>"; };
		F88B2FDDBDCA7BD44B45D31B /* CoveTests.swift */ = {isa = PBXFileReference; lastKnownFileType = sourcecode.swift; path = CoveTests.swift; sourceTree = "<group>"; };
		FE9A1972742D451D396E0313 /* ShelfView.swift */ = {isa = PBXFileReference; lastKnownFileType = sourcecode.swift; path = ShelfView.swift; sourceTree = "<group>"; };
/* End PBXFileReference section */

/* Begin PBXFrameworksBuildPhase section */
		3F1B92F3942D814F01BF9C55 /* Frameworks */ = {
			isa = PBXFrameworksBuildPhase;
			buildActionMask = 2147483647;
			files = (
				9044FA29F9A6F9A1F6CE6D65 /* Sparkle in Frameworks */,
			);
			runOnlyForDeploymentPostprocessing = 0;
		};
/* End PBXFrameworksBuildPhase section */

/* Begin PBXGroup section */
		1CCEEFE15E86601A0959AEEA /* Views */ = {
			isa = PBXGroup;
			children = (
				CB4CB5EA34E735FE2CED1365 /* ClipboardView.swift */,
				26FE983B0F111483921E991B /* Components.swift */,
				756CEBFCE4962FA4695539EF /* ExpandedView.swift */,
				184591E9CD79CA693A477C8C /* FocusPanel.swift */,
				81702F712380F1622124AB03 /* IslandRows.swift */,
				55D5378F59D4891B297C114E /* IslandShape.swift */,
				015770F3122D8DA7ED605561 /* NotchRootView.swift */,
				5EE870C9D7A44AE77503783F /* NotesView.swift */,
				EA72A262F593748C72EAAB9A /* SessionStrip.swift */,
				9CE3D785E6F1D3BE0CFE0B6F /* SettingsPane.swift */,
				FE9A1972742D451D396E0313 /* ShelfView.swift */,
				7DDB55839CDD05F1B00B120E /* ShortcutsView.swift */,
				D274B5CC4C286EC5E1375C77 /* TabRow.swift */,
				76B2187046783B4FD927B9C4 /* Theme.swift */,
				507E1D3771D9302D60B3583A /* WelcomeView.swift */,
			);
			path = Views;
			sourceTree = "<group>";
		};
		349B0A3ABF1C7F094954E5E1 /* Features */ = {
			isa = PBXGroup;
			children = (
				7EB62D748B353A0B7C8B8012 /* AccentExtractor.swift */,
				705EAD2DCEFD9B92BFD03AF1 /* ActionEngine.swift */,
				9B768010B76C7071463416F2 /* ActivityServer.swift */,
				28FE9F8923F765D2B4DCC960 /* ActivityStore.swift */,
				6EEF4252AD5FABC703F60C5A /* AmbienceController.swift */,
				0D9DBE8B002D2AF0E56A24FB /* AppIndex.swift */,
				A8B859EE385B9B6013AB11E8 /* ChatController.swift */,
				87D43D00A905E4C75B0F246A /* ClipboardStore.swift */,
				9BB2B0C70919FE2D664E729B /* EventKitService.swift */,
				8C4B24C9EA5787BCA9873494 /* FocusController.swift */,
				5100BCEE7E8DF77C155E8AFE /* FocusStatsStore.swift */,
				9D1548DECA7BD9AF001867E5 /* MediaRemoteBridge.swift */,
				AE697696DC0C90DFB31793EC /* MessageCourier.swift */,
				A7B17D48834D811468F1B987 /* MusicController.swift */,
				8E705E020080998DA040F654 /* NoiseEngine.swift */,
				C18EA60203181D4F3F8F73A1 /* NotesStore.swift */,
				09EB14C01C10CE7F1DCC00F2 /* PermissionPrimer.swift */,
				B12682EF68C76321264C0A90 /* ScreenReader.swift */,
				0C6AD62D25E6655002E622C9 /* ShelfStore.swift */,
				C6CFE49627DAD1A3D400BA5E /* ShortcutStore.swift */,
				8132324C2FD7233C9599F665 /* SystemStatsController.swift */,
				B2571E4AD1C7A5A260865EF9 /* SystemVolume.swift */,
				ABBFE8A10EF2A59E506F3D28 /* UpdateChecker.swift */,
				0EF9AFC1E81BAD6EC3B28679 /* VoiceController.swift */,
				17854318817CA498558B3FFA /* WindowSnapper.swift */,
			);
			path = Features;
			sourceTree = "<group>";
		};
		494F4BF1E49B752F51CE42B0 /* MediaRemoteAdapter */ = {
			isa = PBXGroup;
			children = (
				69E23D9FEE83312A895BFBE1 /* mediaremote-adapter.pl */,
				5312B5DDFB85B9CD73A02522 /* MediaRemoteAdapterTestClient */,
			);
			name = MediaRemoteAdapter;
			path = Vendor/MediaRemoteAdapter;
			sourceTree = "<group>";
		};
		8C5EEEBC57D66485DB4C4F3C /* Frameworks */ = {
			isa = PBXGroup;
			children = (
				C637FA553864170B4F439FE4 /* MediaRemoteAdapter.framework */,
			);
			name = Frameworks;
			sourceTree = "<group>";
		};
		94740CB09BA60BDE746169B0 /* Audio */ = {
			isa = PBXGroup;
			children = (
				387FC91C15C51A12FF218F3C /* cafe.m4a */,
				3955826F7D2B0B1ECC4C28BB /* fire.m4a */,
				4E50BC6D4ECDC2F6299350D4 /* rain.m4a */,
			);
			path = Audio;
			sourceTree = "<group>";
		};
		94AF4A41555D38E99AE04375 /* Cove */ = {
			isa = PBXGroup;
			children = (
				B4B24E04F9E0367656A5874A /* AppIcon.icns */,
				4BBBFA2178F6FDB897BA8F0E /* CoveApp.swift */,
				A8027850263DDDBF05074C48 /* Info.plist */,
				EBB14A0DBB00CBF18E311BF0 /* NotchViewModel.swift */,
				9A5B91F79BB04F88856D2D4D /* NotchWindowController.swift */,
				AB4FE3668E167946D4752578 /* AI */,
				94740CB09BA60BDE746169B0 /* Audio */,
				349B0A3ABF1C7F094954E5E1 /* Features */,
				1CCEEFE15E86601A0959AEEA /* Views */,
			);
			path = Cove;
			sourceTree = "<group>";
		};
		A5625A0453FA8B7A898B85EA /* Products */ = {
			isa = PBXGroup;
			children = (
				E97C600BF67A95C4A3686BC7 /* Cove.app */,
				E23D679B28152A16C36E1ECC /* CoveTests.xctest */,
			);
			name = Products;
			sourceTree = "<group>";
		};
		AB4FE3668E167946D4752578 /* AI */ = {
			isa = PBXGroup;
			children = (
				E9E8B0E601233E7264D4549C /* AIService.swift */,
			);
			path = AI;
			sourceTree = "<group>";
		};
		C9FEA9CC9BB1A551032527B2 = {
			isa = PBXGroup;
			children = (
				94AF4A41555D38E99AE04375 /* Cove */,
				ED90BD7ECFEAA86FF89E3B34 /* CoveTests */,
				494F4BF1E49B752F51CE42B0 /* MediaRemoteAdapter */,
				8C5EEEBC57D66485DB4C4F3C /* Frameworks */,
				A5625A0453FA8B7A898B85EA /* Products */,
			);
			sourceTree = "<group>";
		};
		ED90BD7ECFEAA86FF89E3B34 /* CoveTests */ = {
			isa = PBXGroup;
			children = (
				F88B2FDDBDCA7BD44B45D31B /* CoveTests.swift */,
			);
			path = CoveTests;
			sourceTree = "<group>";
		};
/* End PBXGroup section */

/* Begin PBXNativeTarget section */
		5E28A33C29355BB1B52FA420 /* CoveTests */ = {
			isa = PBXNativeTarget;
			buildConfigurationList = CEE57CB6CA90B0259B2164A2 /* Build configuration list for PBXNativeTarget "CoveTests" */;
			buildPhases = (
				5336E337517FA0886966269C /* Sources */,
			);
			buildRules = (
			);
			dependencies = (
				8A5649494C845582D64AE563 /* PBXTargetDependency */,
			);
			name = CoveTests;
			packageProductDependencies = (
			);
			productName = CoveTests;
			productReference = E23D679B28152A16C36E1ECC /* CoveTests.xctest */;
			productType = "com.apple.product-type.bundle.unit-test";
		};
		9B7EC35195B56723DAC648C4 /* Cove */ = {
			isa = PBXNativeTarget;
			buildConfigurationList = A0FB068C382564F68C29FE6E /* Build configuration list for PBXNativeTarget "Cove" */;
			buildPhases = (
				811E29757053D8867EA4BDF3 /* Sources */,
				0A8875695E53106B23FADB90 /* Resources */,
				3F1B92F3942D814F01BF9C55 /* Frameworks */,
				916CB5AE128FDED659327E40 /* Embed Frameworks */,
			);
			buildRules = (
			);
			dependencies = (
			);
			name = Cove;
			packageProductDependencies = (
				9B26BB0C0B6522D494745151 /* Sparkle */,
			);
			productName = Cove;
			productReference = E97C600BF67A95C4A3686BC7 /* Cove.app */;
			productType = "com.apple.product-type.application";
		};
/* End PBXNativeTarget section */

/* Begin PBXProject section */
		374220EC1ED0A1AF9A44F953 /* Project object */ = {
			isa = PBXProject;
			attributes = {
				BuildIndependentTargetsInParallel = YES;
				LastUpgradeCheck = 1430;
				TargetAttributes = {
					5E28A33C29355BB1B52FA420 = {
						DevelopmentTeam = WV59PZX4A3;
						ProvisioningStyle = Automatic;
					};
					9B7EC35195B56723DAC648C4 = {
						DevelopmentTeam = WV59PZX4A3;
						ProvisioningStyle = Automatic;
					};
				};
			};
			buildConfigurationList = 3A3953347899D64B5D34D2A8 /* Build configuration list for PBXProject "Cove" */;
			developmentRegion = en;
			hasScannedForEncodings = 0;
			knownRegions = (
				Base,
				en,
			);
			mainGroup = C9FEA9CC9BB1A551032527B2;
			minimizedProjectReferenceProxies = 1;
			packageReferences = (
				57513B3996E1EE96E98DDD65 /* XCRemoteSwiftPackageReference "Sparkle" */,
			);
			preferredProjectObjectVersion = 77;
			productRefGroup = A5625A0453FA8B7A898B85EA /* Products */;
			projectDirPath = "";
			projectRoot = "";
			targets = (
				9B7EC35195B56723DAC648C4 /* Cove */,
				5E28A33C29355BB1B52FA420 /* CoveTests */,
			);
		};
/* End PBXProject section */

/* Begin PBXResourcesBuildPhase section */
		0A8875695E53106B23FADB90 /* Resources */ = {
			isa = PBXResourcesBuildPhase;
			buildActionMask = 2147483647;
			files = (
				6854CEFA7A88D3DE861E3F75 /* AppIcon.icns in Resources */,
				659244BC32DC961C4E64B758 /* MediaRemoteAdapterTestClient in Resources */,
				77C4BE8072DBCF1424C2D727 /* cafe.m4a in Resources */,
				86EAC27149773DB39FF1F678 /* fire.m4a in Resources */,
				D0F0FA9E63EA2089669BCDE7 /* mediaremote-adapter.pl in Resources */,
				5992FD5F27A8E9A21F3E3A4C /* rain.m4a in Resources */,
			);
			runOnlyForDeploymentPostprocessing = 0;
		};
/* End PBXResourcesBuildPhase section */

/* Begin PBXSourcesBuildPhase section */
		5336E337517FA0886966269C /* Sources */ = {
			isa = PBXSourcesBuildPhase;
			buildActionMask = 2147483647;
			files = (
				D6EB3A42847535D35BC39CD9 /* CoveTests.swift in Sources */,
			);
			runOnlyForDeploymentPostprocessing = 0;
		};
		811E29757053D8867EA4BDF3 /* Sources */ = {
			isa = PBXSourcesBuildPhase;
			buildActionMask = 2147483647;
			files = (
				3025CA8783178D79156DE3DF /* AIService.swift in Sources */,
				D71E3DC7361E080DDD610E47 /* AccentExtractor.swift in Sources */,
				FB4399DFD30EDF4F71A8268D /* ActionEngine.swift in Sources */,
				9A955B17023BF01F5B324485 /* ActivityServer.swift in Sources */,
				FF9A9688D0E6CF37A4607E35 /* ActivityStore.swift in Sources */,
				3C3F99C391097EEF1AED0B30 /* AmbienceController.swift in Sources */,
				4B83A185F202C545EBDC24CF /* AppIndex.swift in Sources */,
				FCF1F4A22965A366FDC6699E /* ChatController.swift in Sources */,
				5846CD07C01C7C4B1CD98870 /* ClipboardStore.swift in Sources */,
				901431AFF81428EA65E1065E /* ClipboardView.swift in Sources */,
				6476D9AECEDD85EC72E66109 /* Components.swift in Sources */,
				138DB806F04BD8DB6337D47A /* CoveApp.swift in Sources */,
				5BE63FFEA5F1757ED826A4E2 /* EventKitService.swift in Sources */,
				8E3AC94E3BCCE599E0DBCD19 /* ExpandedView.swift in Sources */,
				92D6024101B3A34E58FB56FC /* FocusController.swift in Sources */,
				C858261145AB7A1183AC7B77 /* FocusPanel.swift in Sources */,
				F31E8C82B02DB21D146E2D81 /* FocusStatsStore.swift in Sources */,
				BA729E57A50B9AF1D872616A /* IslandRows.swift in Sources */,
				E35F2EAA617E9AEC048E2A9A /* IslandShape.swift in Sources */,
				3213CEB6FD817B6938E176C9 /* MediaRemoteBridge.swift in Sources */,
				A3F796EA0F99B67483EB8881 /* MessageCourier.swift in Sources */,
				74046251B7FD15A0BDD16C41 /* MusicController.swift in Sources */,
				BD35B8908A8A443FF5BBE96D /* NoiseEngine.swift in Sources */,
				F3AC107124FF632DE3660600 /* NotchRootView.swift in Sources */,
				F5A6D52BB5722CF0D1ED9B1D /* NotchViewModel.swift in Sources */,
				092303A4F81C9DA1E2AD1378 /* NotchWindowController.swift in Sources */,
				2265A254E6B7FCE0EB261DB1 /* NotesStore.swift in Sources */,
				13E0CE34CD0528A391B22416 /* NotesView.swift in Sources */,
				2BE24531B971EA15ED13C906 /* PermissionPrimer.swift in Sources */,
				AE3028FBCCB4DD860B803964 /* ScreenReader.swift in Sources */,
				255DEAD3B25189946465451D /* SessionStrip.swift in Sources */,
				649E0B7F6CCA1AE4A7EBDA48 /* SettingsPane.swift in Sources */,
				42F941C59832FA0372420F49 /* ShelfStore.swift in Sources */,
				B6114D39ED302F5E2FA087B4 /* ShelfView.swift in Sources */,
				94C77CA7344BC8B2672D6424 /* ShortcutStore.swift in Sources */,
				6D2DC84077F0410DB52B46A3 /* ShortcutsView.swift in Sources */,
				879982113884C6EF9970ACE9 /* SystemStatsController.swift in Sources */,
				2D9B4E99DF4B3258EBCDDA52 /* SystemVolume.swift in Sources */,
				E97E7C213319AE7B1AF66D2E /* TabRow.swift in Sources */,
				C1FB30F66000741E7F3ED14B /* Theme.swift in Sources */,
				8F5B97DFF67E827869BAD5E3 /* UpdateChecker.swift in Sources */,
				29EC55591E9E6ECB354D5980 /* VoiceController.swift in Sources */,
				B383C25A4203BA8F5B979BBF /* WelcomeView.swift in Sources */,
				2059A75CC6999A5A07186E63 /* WindowSnapper.swift in Sources */,
			);
			runOnlyForDeploymentPostprocessing = 0;
		};
/* End PBXSourcesBuildPhase section */

/* Begin PBXTargetDependency section */
		8A5649494C845582D64AE563 /* PBXTargetDependency */ = {
			isa = PBXTargetDependency;
			target = 9B7EC35195B56723DAC648C4 /* Cove */;
			targetProxy = 7CE2E9836FD239A22A76FB9E /* PBXContainerItemProxy */;
		};
/* End PBXTargetDependency section */

/* Begin XCBuildConfiguration section */
		18B1EDAB1014C3F3E22D2C32 /* Release */ = {
			isa = XCBuildConfiguration;
			buildSettings = {
				BUNDLE_LOADER = "$(TEST_HOST)";
				CODE_SIGN_STYLE = Automatic;
				COMBINE_HIDPI_IMAGES = YES;
				DEVELOPMENT_TEAM = WV59PZX4A3;
				GENERATE_INFOPLIST_FILE = YES;
				LD_RUNPATH_SEARCH_PATHS = (
					"$(inherited)",
					"@executable_path/../Frameworks",
					"@loader_path/../Frameworks",
				);
				MACOSX_DEPLOYMENT_TARGET = 14.0;
				PRODUCT_BUNDLE_IDENTIFIER = com.cj.cove.tests;
				SDKROOT = macosx;
				SWIFT_VERSION = 5.9;
				TEST_HOST = "$(BUILT_PRODUCTS_DIR)/Cove.app/Contents/MacOS/Cove";
			};
			name = Release;
		};
		3EAE4D1625DA9ED775D4D077 /* Debug */ = {
			isa = XCBuildConfiguration;
			buildSettings = {
				ASSETCATALOG_COMPILER_APPICON_NAME = AppIcon;
				CODE_SIGN_IDENTITY = "Apple Development";
				CODE_SIGN_STYLE = Automatic;
				COMBINE_HIDPI_IMAGES = YES;
				DEVELOPMENT_TEAM = WV59PZX4A3;
				ENABLE_HARDENED_RUNTIME = NO;
				FRAMEWORK_SEARCH_PATHS = (
					"$(inherited)",
					"\"Vendor/MediaRemoteAdapter\"",
				);
				INFOPLIST_FILE = Cove/Info.plist;
				LD_RUNPATH_SEARCH_PATHS = (
					"$(inherited)",
					"@executable_path/../Frameworks",
				);
				MACOSX_DEPLOYMENT_TARGET = 14.0;
				PRODUCT_BUNDLE_IDENTIFIER = com.cj.cove;
				SDKROOT = macosx;
				SWIFT_VERSION = 5.9;
			};
			name = Debug;
		};
		4DED28F473D580F78E094351 /* Debug */ = {
			isa = XCBuildConfiguration;
			buildSettings = {
				BUNDLE_LOADER = "$(TEST_HOST)";
				CODE_SIGN_STYLE = Automatic;
				COMBINE_HIDPI_IMAGES = YES;
				DEVELOPMENT_TEAM = WV59PZX4A3;
				GENERATE_INFOPLIST_FILE = YES;
				LD_RUNPATH_SEARCH_PATHS = (
					"$(inherited)",
					"@executable_path/../Frameworks",
					"@loader_path/../Frameworks",
				);
				MACOSX_DEPLOYMENT_TARGET = 14.0;
				PRODUCT_BUNDLE_IDENTIFIER = com.cj.cove.tests;
				SDKROOT = macosx;
				SWIFT_VERSION = 5.9;
				TEST_HOST = "$(BUILT_PRODUCTS_DIR)/Cove.app/Contents/MacOS/Cove";
			};
			name = Debug;
		};
		84DBDB43CDE90DA83DDC90D2 /* Release */ = {
			isa = XCBuildConfiguration;
			buildSettings = {
				ASSETCATALOG_COMPILER_APPICON_NAME = AppIcon;
				CODE_SIGN_IDENTITY = "Apple Development";
				CODE_SIGN_STYLE = Automatic;
				COMBINE_HIDPI_IMAGES = YES;
				DEVELOPMENT_TEAM = WV59PZX4A3;
				ENABLE_HARDENED_RUNTIME = NO;
				FRAMEWORK_SEARCH_PATHS = (
					"$(inherited)",
					"\"Vendor/MediaRemoteAdapter\"",
				);
				INFOPLIST_FILE = Cove/Info.plist;
				LD_RUNPATH_SEARCH_PATHS = (
					"$(inherited)",
					"@executable_path/../Frameworks",
				);
				MACOSX_DEPLOYMENT_TARGET = 14.0;
				PRODUCT_BUNDLE_IDENTIFIER = com.cj.cove;
				SDKROOT = macosx;
				SWIFT_VERSION = 5.9;
			};
			name = Release;
		};
		8DE9E6C2D8DDD40F07DB8900 /* Debug */ = {
			isa = XCBuildConfiguration;
			buildSettings = {
				ALWAYS_SEARCH_USER_PATHS = NO;
				CLANG_ANALYZER_NONNULL = YES;
				CLANG_ANALYZER_NUMBER_OBJECT_CONVERSION = YES_AGGRESSIVE;
				CLANG_CXX_LANGUAGE_STANDARD = "gnu++14";
				CLANG_CXX_LIBRARY = "libc++";
				CLANG_ENABLE_MODULES = YES;
				CLANG_ENABLE_OBJC_ARC = YES;
				CLANG_ENABLE_OBJC_WEAK = YES;
				CLANG_WARN_BLOCK_CAPTURE_AUTORELEASING = YES;
				CLANG_WARN_BOOL_CONVERSION = YES;
				CLANG_WARN_COMMA = YES;
				CLANG_WARN_CONSTANT_CONVERSION = YES;
				CLANG_WARN_DEPRECATED_OBJC_IMPLEMENTATIONS = YES;
				CLANG_WARN_DIRECT_OBJC_ISA_USAGE = YES_ERROR;
				CLANG_WARN_DOCUMENTATION_COMMENTS = YES;
				CLANG_WARN_EMPTY_BODY = YES;
				CLANG_WARN_ENUM_CONVERSION = YES;
				CLANG_WARN_INFINITE_RECURSION = YES;
				CLANG_WARN_INT_CONVERSION = YES;
				CLANG_WARN_NON_LITERAL_NULL_CONVERSION = YES;
				CLANG_WARN_OBJC_IMPLICIT_RETAIN_SELF = YES;
				CLANG_WARN_OBJC_LITERAL_CONVERSION = YES;
				CLANG_WARN_OBJC_ROOT_CLASS = YES_ERROR;
				CLANG_WARN_QUOTED_INCLUDE_IN_FRAMEWORK_HEADER = YES;
				CLANG_WARN_RANGE_LOOP_ANALYSIS = YES;
				CLANG_WARN_STRICT_PROTOTYPES = YES;
				CLANG_WARN_SUSPICIOUS_MOVE = YES;
				CLANG_WARN_UNGUARDED_AVAILABILITY = YES_AGGRESSIVE;
				CLANG_WARN_UNREACHABLE_CODE = YES;
				CLANG_WARN__DUPLICATE_METHOD_MATCH = YES;
				COPY_PHASE_STRIP = NO;
				DEBUG_INFORMATION_FORMAT = dwarf;
				ENABLE_STRICT_OBJC_MSGSEND = YES;
				ENABLE_TESTABILITY = YES;
				GCC_C_LANGUAGE_STANDARD = gnu11;
				GCC_DYNAMIC_NO_PIC = NO;
				GCC_NO_COMMON_BLOCKS = YES;
				GCC_OPTIMIZATION_LEVEL = 0;
				GCC_PREPROCESSOR_DEFINITIONS = (
					"$(inherited)",
					"DEBUG=1",
				);
				GCC_WARN_64_TO_32_BIT_CONVERSION = YES;
				GCC_WARN_ABOUT_RETURN_TYPE = YES_ERROR;
				GCC_WARN_UNDECLARED_SELECTOR = YES;
				GCC_WARN_UNINITIALIZED_AUTOS = YES_AGGRESSIVE;
				GCC_WARN_UNUSED_FUNCTION = YES;
				GCC_WARN_UNUSED_VARIABLE = YES;
				MACOSX_DEPLOYMENT_TARGET = 14.0;
				MTL_ENABLE_DEBUG_INFO = INCLUDE_SOURCE;
				MTL_FAST_MATH = YES;
				ONLY_ACTIVE_ARCH = YES;
				PRODUCT_NAME = "$(TARGET_NAME)";
				SDKROOT = macosx;
				SWIFT_ACTIVE_COMPILATION_CONDITIONS = DEBUG;
				SWIFT_OPTIMIZATION_LEVEL = "-Onone";
				SWIFT_VERSION = 5.0;
			};
			name = Debug;
		};
		8E84806BFFFDD59CC848B7AC /* Release */ = {
			isa = XCBuildConfiguration;
			buildSettings = {
				ALWAYS_SEARCH_USER_PATHS = NO;
				CLANG_ANALYZER_NONNULL = YES;
				CLANG_ANALYZER_NUMBER_OBJECT_CONVERSION = YES_AGGRESSIVE;
				CLANG_CXX_LANGUAGE_STANDARD = "gnu++14";
				CLANG_CXX_LIBRARY = "libc++";
				CLANG_ENABLE_MODULES = YES;
				CLANG_ENABLE_OBJC_ARC = YES;
				CLANG_ENABLE_OBJC_WEAK = YES;
				CLANG_WARN_BLOCK_CAPTURE_AUTORELEASING = YES;
				CLANG_WARN_BOOL_CONVERSION = YES;
				CLANG_WARN_COMMA = YES;
				CLANG_WARN_CONSTANT_CONVERSION = YES;
				CLANG_WARN_DEPRECATED_OBJC_IMPLEMENTATIONS = YES;
				CLANG_WARN_DIRECT_OBJC_ISA_USAGE = YES_ERROR;
				CLANG_WARN_DOCUMENTATION_COMMENTS = YES;
				CLANG_WARN_EMPTY_BODY = YES;
				CLANG_WARN_ENUM_CONVERSION = YES;
				CLANG_WARN_INFINITE_RECURSION = YES;
				CLANG_WARN_INT_CONVERSION = YES;
				CLANG_WARN_NON_LITERAL_NULL_CONVERSION = YES;
				CLANG_WARN_OBJC_IMPLICIT_RETAIN_SELF = YES;
				CLANG_WARN_OBJC_LITERAL_CONVERSION = YES;
				CLANG_WARN_OBJC_ROOT_CLASS = YES_ERROR;
				CLANG_WARN_QUOTED_INCLUDE_IN_FRAMEWORK_HEADER = YES;
				CLANG_WARN_RANGE_LOOP_ANALYSIS = YES;
				CLANG_WARN_STRICT_PROTOTYPES = YES;
				CLANG_WARN_SUSPICIOUS_MOVE = YES;
				CLANG_WARN_UNGUARDED_AVAILABILITY = YES_AGGRESSIVE;
				CLANG_WARN_UNREACHABLE_CODE = YES;
				CLANG_WARN__DUPLICATE_METHOD_MATCH = YES;
				COPY_PHASE_STRIP = NO;
				DEBUG_INFORMATION_FORMAT = "dwarf-with-dsym";
				ENABLE_NS_ASSERTIONS = NO;
				ENABLE_STRICT_OBJC_MSGSEND = YES;
				GCC_C_LANGUAGE_STANDARD = gnu11;
				GCC_NO_COMMON_BLOCKS = YES;
				GCC_WARN_64_TO_32_BIT_CONVERSION = YES;
				GCC_WARN_ABOUT_RETURN_TYPE = YES_ERROR;
				GCC_WARN_UNDECLARED_SELECTOR = YES;
				GCC_WARN_UNINITIALIZED_AUTOS = YES_AGGRESSIVE;
				GCC_WARN_UNUSED_FUNCTION = YES;
				GCC_WARN_UNUSED_VARIABLE = YES;
				MACOSX_DEPLOYMENT_TARGET = 14.0;
				MTL_ENABLE_DEBUG_INFO = NO;
				MTL_FAST_MATH = YES;
				PRODUCT_NAME = "$(TARGET_NAME)";
				SDKROOT = macosx;
				SWIFT_COMPILATION_MODE = wholemodule;
				SWIFT_OPTIMIZATION_LEVEL = "-O";
				SWIFT_VERSION = 5.0;
			};
			name = Release;
		};
/* End XCBuildConfiguration section */

/* Begin XCConfigurationList section */
		3A3953347899D64B5D34D2A8 /* Build configuration list for PBXProject "Cove" */ = {
			isa = XCConfigurationList;
			buildConfigurations = (
				8DE9E6C2D8DDD40F07DB8900 /* Debug */,
				8E84806BFFFDD59CC848B7AC /* Release */,
			);
			defaultConfigurationIsVisible = 0;
			defaultConfigurationName = Debug;
		};
		A0FB068C382564F68C29FE6E /* Build configuration list for PBXNativeTarget "Cove" */ = {
			isa = XCConfigurationList;
			buildConfigurations = (
				3EAE4D1625DA9ED775D4D077 /* Debug */,
				84DBDB43CDE90DA83DDC90D2 /* Release */,
			);
			defaultConfigurationIsVisible = 0;
			defaultConfigurationName = Debug;
		};
		CEE57CB6CA90B0259B2164A2 /* Build configuration list for PBXNativeTarget "CoveTests" */ = {
			isa = XCConfigurationList;
			buildConfigurations = (
				4DED28F473D580F78E094351 /* Debug */,
				18B1EDAB1014C3F3E22D2C32 /* Release */,
			);
			defaultConfigurationIsVisible = 0;
			defaultConfigurationName = Debug;
		};
/* End XCConfigurationList section */

/* Begin XCRemoteSwiftPackageReference section */
		57513B3996E1EE96E98DDD65 /* XCRemoteSwiftPackageReference "Sparkle" */ = {
			isa = XCRemoteSwiftPackageReference;
			repositoryURL = "https://github.com/sparkle-project/Sparkle";
			requirement = {
				kind = upToNextMajorVersion;
				minimumVersion = 2.9.4;
			};
		};
/* End XCRemoteSwiftPackageReference section */

/* Begin XCSwiftPackageProductDependency section */
		9B26BB0C0B6522D494745151 /* Sparkle */ = {
			isa = XCSwiftPackageProductDependency;
			package = 57513B3996E1EE96E98DDD65 /* XCRemoteSwiftPackageReference "Sparkle" */;
			productName = Sparkle;
		};
/* End XCSwiftPackageProductDependency section */
	};
	rootObject = 374220EC1ED0A1AF9A44F953 /* Project object */;
}
